PODS:
  - GCDWebServer (3.4.1):
    - GCDWebServer/Core (= 3.4.1)
  - GCDWebServer/Core (3.4.1)
  - SDAutoLayout (2.2.0)
  - SDWebImage (4.1.0):
    - SDWebImage/Core (= 4.1.0)
  - SDWebImage/Core (4.1.0)
  - SVProgressHUD (2.2)

DEPENDENCIES:
  - GCDWebServer
  - SDAutoLayout
  - SDWebImage
  - SVProgressHUD

SPEC CHECKSUMS:
  GCDWebServer: 1db60034fe0e78a4a8524bd6c7cd97cd3c589870
  SDAutoLayout: c5509e77ae75735d9a39f7bc83dba6d3f75d49d8
  SDWebImage: 0e435c14e402a6730315a0fb79f95e68654d55a4
  SVProgressHUD: 3f37f3409ddb15f35c99315ae7dc33c474aa3256

PODFILE CHECKSUM: 5d773615eec628640ab71577f9f157989943cc3e

COCOAPODS: 1.3.0.beta.1
